
Microsoft Visual Studio Solution File, Format Version 12.00
# Visual Studio Version 17
VisualStudioVersion = 17.5.33502.453
MinimumVisualStudioVersion = 10.0.40219.1
Project("{FAE04EC0-301F-11D3-BF4B-00C04F79EFBC}") = "WinFormsApp1", "WinFormsApp1\WinFormsApp1.csproj", "{FC6FDA2E-2DAC-4C6C-9DF2-9A0A6C300C8A}"
EndProject
Global
	GlobalSection(SolutionConfigurationPlatforms) = preSolution
		Debug|Any CPU = Debug|Any CPU
		Release|Any CPU = Release|Any CPU
	EndGlobalSection
	GlobalSection(ProjectConfigurationPlatforms) = postSolution
		{FC6FDA2E-2DAC-4C6C-9DF2-9A0A6C300C8A}.Debug|Any CPU.ActiveCfg = Debug|Any CPU
		{FC6FDA2E-2DAC-4C6C-9DF2-9A0A6C300C8A}.Debug|Any CPU.Build.0 = Debug|Any CPU
		{FC6FDA2E-2DAC-4C6C-9DF2-9A0A6C300C8A}.Release|Any CPU.ActiveCfg = Release|Any CPU
		{FC6FDA2E-2DAC-4C6C-9DF2-9A0A6C300C8A}.Release|Any CPU.Build.0 = Release|Any CPU
	EndGlobalSection
	GlobalSection(SolutionProperties) = preSolution
		HideSolutionNode = FALSE
	EndGlobalSection
	GlobalSection(ExtensibilityGlobals) = postSolution
		SolutionGuid = {E3C048D2-D087-47DF-9FD6-54B7875C2E65}
	EndGlobalSection
EndGlobal
